// !$*UTF8*$!
{
	archiveVersion = 1;
	classes = {
	};
	objectVersion = 55;
	objects = {

/* Begin PBXBuildFile section */
		75261A3A28AE2C6000B8552B /* AppDelegate.swift in Sources */ = {isa = PBXBuildFile; fileRef = 75261A3928AE2C6000B8552B /* AppDelegate.swift */; };
		75261A3C28AE2C6000B8552B /* SceneDelegate.swift in Sources */ = {isa = PBXBuildFile; fileRef = 75261A3B28AE2C6000B8552B /* SceneDelegate.swift */; };
		75261A3E28AE2C6000B8552B /* ViewController.swift in Sources */ = {isa = PBXBuildFile; fileRef = 75261A3D28AE2C6000B8552B /* ViewController.swift */; };
		75261A4128AE2C6000B8552B /* Main.storyboard in Resources */ = {isa = PBXBuildFile; fileRef = 75261A3F28AE2C6000B8552B /* Main.storyboard */; };
		75261A4328AE2C6200B8552B /* Assets.xcassets in Resources */ = {isa = PBXBuildFile; fileRef = 75261A4228AE2C6200B8552B /* Assets.xcassets */; };
		75261A4628AE2C6200B8552B /* LaunchScreen.storyboard in Resources */ = {isa = PBXBuildFile; fileRef = 75261A4428AE2C6200B8552B /* LaunchScreen.storyboard */; };
		75261A5128AE487500B8552B /* Brain.swift in Sources */ = {isa = PBXBuildFile; fileRef = 75261A5028AE487500B8552B /* Brain.swift */; };
/* End PBXBuildFile section */

/* Begin PBXFileReference section */
		75261A3628AE2C6000B8552B /* UITextFieldNetworkingAPIParsing.app */ = {isa = PBXFileReference; explicitFileType = wrapper.application; includeInIndex = 0; path = UITextFieldNetworkingAPIParsing.app; sourceTree = BUILT_PRODUCTS_DIR; };
		75261A3928AE2C6000B8552B /* AppDelegate.swift */ = {isa = PBXFileReference; lastKnownFileType = sourcecode.swift; path = AppDelegate.swift; sourceTree = "<group>"; };
		75261A3B28AE2C6000B8552B /* SceneDelegate.swift */ = {isa = PBXFileReference; lastKnownFileType = sourcecode.swift; path = SceneDelegate.swift; sourceTree = "<group>"; };
		75261A3D28AE2C6000B8552B /* ViewController.swift */ = {isa = PBXFileReference; lastKnownFileType = sourcecode.swift; path = ViewController.swift; sourceTree = "<group>"; };
		75261A4028AE2C6000B8552B /* Base */ = {isa = PBXFileReference; lastKnownFileType = file.storyboard; name = Base; path = Base.lproj/Main.storyboard; sourceTree = "<group>"; };
		75261A4228AE2C6200B8552B /* Assets.xcassets */ = {isa = PBXFileReference; lastKnownFileType = folder.assetcatalog; path = Assets.xcassets; sourceTree = "<group>"; };
		75261A4528AE2C6200B8552B /* Base */ = {isa = PBXFileReference; lastKnownFileType = file.storyboard; name = Base; path = Base.lproj/LaunchScreen.storyboard; sourceTree = "<group>"; };
		75261A4728AE2C6200B8552B /* Info.plist */ = {isa = PBXFileReference; lastKnownFileType = text.plist.xml; path = Info.plist; sourceTree = "<group>"; };
		75261A5028AE487500B8552B /* Brain.swift */ = {isa = PBXFileReference; lastKnownFileType = sourcecode.swift; path = Brain.swift; sourceTree = "<group>"; };
/* End PBXFileReference section */

/* Begin PBXFrameworksBuildPhase section */
		75261A3328AE2C6000B8552B /* Frameworks */ = {
			isa = PBXFrameworksBuildPhase;
			buildActionMask = 2147483647;
			files = (
			);
			runOnlyForDeploymentPostprocessing = 0;
		};
/* End PBXFrameworksBuildPhase section */

/* Begin PBXGroup section */
		75261A2D28AE2C6000B8552B = {
			isa = PBXGroup;
			children = (
				75261A3828AE2C6000B8552B /* UITextFieldNetworkingAPIParsing */,
				75261A3728AE2C6000B8552B /* Products */,
			);
			sourceTree = "<group>";
		};
		75261A3728AE2C6000B8552B /* Products */ = {
			isa = PBXGroup;
			children = (
				75261A3628AE2C6000B8552B /* UITextFieldNetworkingAPIParsing.app */,
			);
			name = Products;
			sourceTree = "<group>";
		};
		75261A3828AE2C6000B8552B /* UITextFieldNetworkingAPIParsing */ = {
			isa = PBXGroup;
			children = (
				75261A3928AE2C6000B8552B /* AppDelegate.swift */,
				75261A3B28AE2C6000B8552B /* SceneDelegate.swift */,
				75261A4F28AE2CA900B8552B /* Model */,
				75261A4D28AE2C7800B8552B /* Controller */,
				75261A4E28AE2C8500B8552B /* View */,
				75261A4228AE2C6200B8552B /* Assets.xcassets */,
				75261A4428AE2C6200B8552B /* LaunchScreen.storyboard */,
				75261A4728AE2C6200B8552B /* Info.plist */,
			);
			path = UITextFieldNetworkingAPIParsing;
			sourceTree = "<group>";
		};
		75261A4D28AE2C7800B8552B /* Controller */ = {
			isa = PBXGroup;
			children = (
				75261A3D28AE2C6000B8552B /* ViewController.swift */,
			);
			path = Controller;
			sourceTree = "<group>";
		};
		75261A4E28AE2C8500B8552B /* View */ = {
			isa = PBXGroup;
			children = (
				75261A3F28AE2C6000B8552B /* Main.storyboard */,
			);
			path = View;
			sourceTree = "<group>";
		};
		75261A4F28AE2CA900B8552B /* Model */ = {
			isa = PBXGroup;
			children = (
				75261A5028AE487500B8552B /* Brain.swift */,
			);
			path = Model;
			sourceTree = "<group>";
		};
/* End PBXGroup section */

/* Begin PBXNativeTarget section */
		75261A3528AE2C6000B8552B /* UITextFieldNetworkingAPIParsing */ = {
			isa = PBXNativeTarget;
			buildConfigurationList = 75261A4A28AE2C6200B8552B /* Build configuration list for PBXNativeTarget "UITextFieldNetworkingAPIParsing" */;
			buildPhases = (
				75261A3228AE2C6000B8552B /* Sources */,
				75261A3328AE2C6000B8552B /* Frameworks */,
				75261A3428AE2C6000B8552B /* Resources */,
			);
			buildRules = (
			);
			dependencies = (
			);
			name = UITextFieldNetworkingAPIParsing;
			productName = UITextFieldNetworkingAPIParsing;
			productReference = 75261A3628AE2C6000B8552B /* UITextFieldNetworkingAPIParsing.app */;
			productType = "com.apple.product-type.application";
		};
/* End PBXNativeTarget section */

/* Begin PBXProject section */
		75261A2E28AE2C6000B8552B /* Project object */ = {
			isa = PBXProject;
			attributes = {
				BuildIndependentTargetsInParallel = 1;
				LastSwiftUpdateCheck = 1340;
				LastUpgradeCheck = 1340;
				TargetAttributes = {
					75261A3528AE2C6000B8552B = {
						CreatedOnToolsVersion = 13.4.1;
					};
				};
			};
			buildConfigurationList = 75261A3128AE2C6000B8552B /* Build configuration list for PBXProject "UITextFieldNetworkingAPIParsing" */;
			compatibilityVersion = "Xcode 13.0";
			developmentRegion = en;
			hasScannedForEncodings = 0;
			knownRegions = (
				en,
				Base,
			);
			mainGroup = 75261A2D28AE2C6000B8552B;
			productRefGroup = 75261A3728AE2C6000B8552B /* Products */;
			projectDirPath = "";
			projectRoot = "";
			targets = (
				75261A3528AE2C6000B8552B /* UITextFieldNetworkingAPIParsing */,
			);
		};
/* End PBXProject section */

/* Begin PBXResourcesBuildPhase section */
		75261A3428AE2C6000B8552B /* Resources */ = {
			isa = PBXResourcesBuildPhase;
			buildActionMask = 2147483647;
			files = (
				75261A4628AE2C6200B8552B /* LaunchScreen.storyboard in Resources */,
				75261A4328AE2C6200B8552B /* Assets.xcassets in Resources */,
				75261A4128AE2C6000B8552B /* Main.storyboard in Resources */,
			);
			runOnlyForDeploymentPostprocessing = 0;
		};
/* End PBXResourcesBuildPhase section */

/* Begin PBXSourcesBuildPhase section */
		75261A3228AE2C6000B8552B /* Sources */ = {
			isa = PBXSourcesBuildPhase;
			buildActionMask = 2147483647;
			files = (
				75261A3E28AE2C6000B8552B /* ViewController.swift in Sources */,
				75261A3A28AE2C6000B8552B /* AppDelegate.swift in Sources */,
				75261A5128AE487500B8552B /* Brain.swift in Sources */,
				75261A3C28AE2C6000B8552B /* SceneDelegate.swift in Sources */,
			);
			runOnlyForDeploymentPostprocessing = 0;
		};
/* End PBXSourcesBuildPhase section */

/* Begin PBXVariantGroup section */
		75261A3F28AE2C6000B8552B /* Main.storyboard */ = {
			isa = PBXVariantGroup;
			children = (
				75261A4028AE2C6000B8552B /* Base */,
			);
			name = Main.storyboard;
			sourceTree = "<group>";
		};
		75261A4428AE2C6200B8552B /* LaunchScreen.storyboard */ = {
			isa = PBXVariantGroup;
			children = (
				75261A4528AE2C6200B8552B /* Base */,
			);
			name = LaunchScreen.storyboard;
			sourceTree = "<group>";
		};
/* End PBXVariantGroup section */

/* Begin XCBuildConfiguration section */
		75261A4828AE2C6200B8552B /* Debug */ = {
			isa = XCBuildConfiguration;
			buildSettings = {
				ALWAYS_SEARCH_USER_PATHS = NO;
				CLANG_ANALYZER_NONNULL = YES;
				CLANG_ANALYZER_NUMBER_OBJECT_CONVERSION = YES_AGGRESSIVE;
				CLANG_CXX_LANGUAGE_STANDARD = "gnu++17";
				CLANG_ENABLE_MODULES = YES;
				CLANG_ENABLE_OBJC_ARC = YES;
				CLANG_ENABLE_OBJC_WEAK = YES;
				CLANG_WARN_BLOCK_CAPTURE_AUTORELEASING = YES;
				CLANG_WARN_BOOL_CONVERSION = YES;
				CLANG_WARN_COMMA = YES;
				CLANG_WARN_CONSTANT_CONVERSION = YES;
				CLANG_WARN_DEPRECATED_OBJC_IMPLEMENTATIONS = YES;
				CLANG_WARN_DIRECT_OBJC_ISA_USAGE = YES_ERROR;
				CLANG_WARN_DOCUMENTATION_COMMENTS = YES;
				CLANG_WARN_EMPTY_BODY = YES;
				CLANG_WARN_ENUM_CONVERSION = YES;
				CLANG_WARN_INFINITE_RECURSION = YES;
				CLANG_WARN_INT_CONVERSION = YES;
				CLANG_WARN_NON_LITERAL_NULL_CONVERSION = YES;
				CLANG_WARN_OBJC_IMPLICIT_RETAIN_SELF = YES;
				CLANG_WARN_OBJC_LITERAL_CONVERSION = YES;
				CLANG_WARN_OBJC_ROOT_CLASS = YES_ERROR;
				CLANG_WARN_QUOTED_INCLUDE_IN_FRAMEWORK_HEADER = YES;
				CLANG_WARN_RANGE_LOOP_ANALYSIS = YES;
				CLANG_WARN_STRICT_PROTOTYPES = YES;
				CLANG_WARN_SUSPICIOUS_MOVE = YES;
				CLANG_WARN_UNGUARDED_AVAILABILITY = YES_AGGRESSIVE;
				CLANG_WARN_UNREACHABLE_CODE = YES;
				CLANG_WARN__DUPLICATE_METHOD_MATCH = YES;
				COPY_PHASE_STRIP = NO;
				DEBUG_INFORMATION_FORMAT = dwarf;
				ENABLE_STRICT_OBJC_MSGSEND = YES;
				ENABLE_TESTABILITY = YES;
				GCC_C_LANGUAGE_STANDARD = gnu11;
				GCC_DYNAMIC_NO_PIC = NO;
				GCC_NO_COMMON_BLOCKS = YES;
				GCC_OPTIMIZATION_LEVEL = 0;
				GCC_PREPROCESSOR_DEFINITIONS = (
					"DEBUG=1",
					"$(inherited)",
				);
				GCC_WARN_64_TO_32_BIT_CONVERSION = YES;
				GCC_WARN_ABOUT_RETURN_TYPE = YES_ERROR;
				GCC_WARN_UNDECLARED_SELECTOR = YES;
				GCC_WARN_UNINITIALIZED_AUTOS = YES_AGGRESSIVE;
				GCC_WARN_UNUSED_FUNCTION = YES;
				GCC_WARN_UNUSED_VARIABLE = YES;
				IPHONEOS_DEPLOYMENT_TARGET = 15.5;
				MTL_ENABLE_DEBUG_INFO = INCLUDE_SOURCE;
				MTL_FAST_MATH = YES;
				ONLY_ACTIVE_ARCH = YES;
				SDKROOT = iphoneos;
				SWIFT_ACTIVE_COMPILATION_CONDITIONS = DEBUG;
				SWIFT_OPTIMIZATION_LEVEL = "-Onone";
			};
			name = Debug;
		};
		75261A4928AE2C6200B8552B /* Release */ = {
			isa = XCBuildConfiguration;
			buildSettings = {
				ALWAYS_SEARCH_USER_PATHS = NO;
				CLANG_ANALYZER_NONNULL = YES;
				CLANG_ANALYZER_NUMBER_OBJECT_CONVERSION = YES_AGGRESSIVE;
				CLANG_CXX_LANGUAGE_STANDARD = "gnu++17";
				CLANG_ENABLE_MODULES = YES;
				CLANG_ENABLE_OBJC_ARC = YES;
				CLANG_ENABLE_OBJC_WEAK = YES;
				CLANG_WARN_BLOCK_CAPTURE_AUTORELEASING = YES;
				CLANG_WARN_BOOL_CONVERSION = YES;
				CLANG_WARN_COMMA = YES;
				CLANG_WARN_CONSTANT_CONVERSION = YES;
				CLANG_WARN_DEPRECATED_OBJC_IMPLEMENTATIONS = YES;
				CLANG_WARN_DIRECT_OBJC_ISA_USAGE = YES_ERROR;
				CLANG_WARN_DOCUMENTATION_COMMENTS = YES;
				CLANG_WARN_EMPTY_BODY = YES;
				CLANG_WARN_ENUM_CONVERSION = YES;
				CLANG_WARN_INFINITE_RECURSION = YES;
				CLANG_WARN_INT_CONVERSION = YES;
				CLANG_WARN_NON_LITERAL_NULL_CONVERSION = YES;
				CLANG_WARN_OBJC_IMPLICIT_RETAIN_SELF = YES;
				CLANG_WARN_OBJC_LITERAL_CONVERSION = YES;
				CLANG_WARN_OBJC_ROOT_CLASS = YES_ERROR;
				CLANG_WARN_QUOTED_INCLUDE_IN_FRAMEWORK_HEADER = YES;
				CLANG_WARN_RANGE_LOOP_ANALYSIS = YES;
				CLANG_WARN_STRICT_PROTOTYPES = YES;
				CLANG_WARN_SUSPICIOUS_MOVE = YES;
				CLANG_WARN_UNGUARDED_AVAILABILITY = YES_AGGRESSIVE;
				CLANG_WARN_UNREACHABLE_CODE = YES;
				CLANG_WARN__DUPLICATE_METHOD_MATCH = YES;
				COPY_PHASE_STRIP = NO;
				DEBUG_INFORMATION_FORMAT = "dwarf-with-dsym";
				ENABLE_NS_ASSERTIONS = NO;
				ENABLE_STRICT_OBJC_MSGSEND = YES;
				GCC_C_LANGUAGE_STANDARD = gnu11;
				GCC_NO_COMMON_BLOCKS = YES;
				GCC_WARN_64_TO_32_BIT_CONVERSION = YES;
				GCC_WARN_ABOUT_RETURN_TYPE = YES_ERROR;
				GCC_WARN_UNDECLARED_SELECTOR = YES;
				GCC_WARN_UNINITIALIZED_AUTOS = YES_AGGRESSIVE;
				GCC_WARN_UNUSED_FUNCTION = YES;
				GCC_WARN_UNUSED_VARIABLE = YES;
				IPHONEOS_DEPLOYMENT_TARGET = 15.5;
				MTL_ENABLE_DEBUG_INFO = NO;
				MTL_FAST_MATH = YES;
				SDKROOT = iphoneos;
				SWIFT_COMPILATION_MODE = wholemodule;
				SWIFT_OPTIMIZATION_LEVEL = "-O";
				VALIDATE_PRODUCT = YES;
			};
			name = Release;
		};
		75261A4B28AE2C6200B8552B /* Debug */ = {
			isa = XCBuildConfiguration;
			buildSettings = {
				ASSETCATALOG_COMPILER_APPICON_NAME = AppIcon;
				ASSETCATALOG_COMPILER_GLOBAL_ACCENT_COLOR_NAME = AccentColor;
				CODE_SIGN_STYLE = Automatic;
				CURRENT_PROJECT_VERSION = 1;
				DEVELOPMENT_TEAM = MJRRB6FD84;
				GENERATE_INFOPLIST_FILE = YES;
				INFOPLIST_FILE = UITextFieldNetworkingAPIParsing/Info.plist;
				INFOPLIST_KEY_UIApplicationSupportsIndirectInputEvents = YES;
				INFOPLIST_KEY_UILaunchStoryboardName = LaunchScreen;
				INFOPLIST_KEY_UIMainStoryboardFile = Main;
				INFOPLIST_KEY_UISupportedInterfaceOrientations_iPad = "UIInterfaceOrientationPortrait UIInterfaceOrientationPortraitUpsideDown UIInterfaceOrientationLandscapeLeft UIInterfaceOrientationLandscapeRight";
				INFOPLIST_KEY_UISupportedInterfaceOrientations_iPhone = "UIInterfaceOrientationPortrait UIInterfaceOrientationLandscapeLeft UIInterfaceOrientationLandscapeRight";
				LD_RUNPATH_SEARCH_PATHS = (
					"$(inherited)",
					"@executable_path/Frameworks",
				);
				MARKETING_VERSION = 1.0;
				PRODUCT_BUNDLE_IDENTIFIER = com.mustafayildiz.UITextFieldNetworkingAPIParsing;
				PRODUCT_NAME = "$(TARGET_NAME)";
				SWIFT_EMIT_LOC_STRINGS = YES;
				SWIFT_VERSION = 5.0;
				TARGETED_DEVICE_FAMILY = "1,2";
			};
			name = Debug;
		};
		75261A4C28AE2C6200B8552B /* Release */ = {
			isa = XCBuildConfiguration;
			buildSettings = {
				ASSETCATALOG_COMPILER_APPICON_NAME = AppIcon;
				ASSETCATALOG_COMPILER_GLOBAL_ACCENT_COLOR_NAME = AccentColor;
				CODE_SIGN_STYLE = Automatic;
				CURRENT_PROJECT_VERSION = 1;
				DEVELOPMENT_TEAM = MJRRB6FD84;
				GENERATE_INFOPLIST_FILE = YES;
				INFOPLIST_FILE = UITextFieldNetworkingAPIParsing/Info.plist;
				INFOPLIST_KEY_UIApplicationSupportsIndirectInputEvents = YES;
				INFOPLIST_KEY_UILaunchStoryboardName = LaunchScreen;
				INFOPLIST_KEY_UIMainStoryboardFile = Main;
				INFOPLIST_KEY_UISupportedInterfaceOrientations_iPad = "UIInterfaceOrientationPortrait UIInterfaceOrientationPortraitUpsideDown UIInterfaceOrientationLandscapeLeft UIInterfaceOrientationLandscapeRight";
				INFOPLIST_KEY_UISupportedInterfaceOrientations_iPhone = "UIInterfaceOrientationPortrait UIInterfaceOrientationLandscapeLeft UIInterfaceOrientationLandscapeRight";
				LD_RUNPATH_SEARCH_PATHS = (
					"$(inherited)",
					"@executable_path/Frameworks",
				);
				MARKETING_VERSION = 1.0;
				PRODUCT_BUNDLE_IDENTIFIER = com.mustafayildiz.UITextFieldNetworkingAPIParsing;
				PRODUCT_NAME = "$(TARGET_NAME)";
				SWIFT_EMIT_LOC_STRINGS = YES;
				SWIFT_VERSION = 5.0;
				TARGETED_DEVICE_FAMILY = "1,2";
			};
			name = Release;
		};
/* End XCBuildConfiguration section */

/* Begin XCConfigurationList section */
		75261A3128AE2C6000B8552B /* Build configuration list for PBXProject "UITextFieldNetworkingAPIParsing" */ = {
			isa = XCConfigurationList;
			buildConfigurations = (
				75261A4828AE2C6200B8552B /* Debug */,
				75261A4928AE2C6200B8552B /* Release */,
			);
			defaultConfigurationIsVisible = 0;
			defaultConfigurationName = Release;
		};
		75261A4A28AE2C6200B8552B /* Build configuration list for PBXNativeTarget "UITextFieldNetworkingAPIParsing" */ = {
			isa = XCConfigurationList;
			buildConfigurations = (
				75261A4B28AE2C6200B8552B /* Debug */,
				75261A4C28AE2C6200B8552B /* Release */,
			);
			defaultConfigurationIsVisible = 0;
			defaultConfigurationName = Release;
		};
/* End XCConfigurationList section */
	};
	rootObject = 75261A2E28AE2C6000B8552B /* Project object */;
}
